// !$*UTF8*$!
{
	archiveVersion = 1;
	classes = {
	};
	objectVersion = 77;
	objects = {

/* Begin PBXBuildFile section */
		01B91B39AAFF6D17B39088F5 /* AboutView.swift in Sources */ = {isa = PBXBuildFile; fileRef = C9E4FCE1FD19AA2654FEA7D3 /* AboutView.swift */; };
		03FB00FFE91BD2607402B9E2 /* CoreGraphics.framework in Frameworks */ = {isa = PBXBuildFile; fileRef = 4303F57CAC48DA81FDEB0447 /* CoreGraphics.framework */; };
		18BC9DA3301D5FCA0204CAF1 /* SettingsView.swift in Sources */ = {isa = PBXBuildFile; fileRef = 0FC7D8E12C07197AB04DDF23 /* SettingsView.swift */; };
		1CEB428FA9C9670F0345D273 /* UserNotifications.framework in Frameworks */ = {isa = PBXBuildFile; fileRef = 0E72276BBD2337B8D5ECED29 /* UserNotifications.framework */; };
		1DA08E37635D69842A30DFB1 /* GuardCoordinator.swift in Sources */ = {isa = PBXBuildFile; fileRef = BE6A0D9A99F2BE7B89BF9372 /* GuardCoordinator.swift */; };
		3931C111DF2BB438CBAF425F /* GuardSession.swift in Sources */ = {isa = PBXBuildFile; fileRef = 01E4131EA7EE8A998EF55147 /* GuardSession.swift */; };
		3BAF20013623C224828FC83C /* StatusItemController.swift in Sources */ = {isa = PBXBuildFile; fileRef = E890D753BB19571E13A0B455 /* StatusItemController.swift */; };
		3E30DEA03AE1AAB17D70A05D /* RescueSequenceMatcher.swift in Sources */ = {isa = PBXBuildFile; fileRef = 2C067E22E5DDB45CD77E9796 /* RescueSequenceMatcher.swift */; };
		466113D90813F860ECE5378E /* FocusGuardIntent.swift in Sources */ = {isa = PBXBuildFile; fileRef = 27D3BAA46F54CF207FD6A8DA /* FocusGuardIntent.swift */; };
		46FAF7369E4D9B1AF2F2F2C0 /* PhysicalKeyLetterMap.swift in Sources */ = {isa = PBXBuildFile; fileRef = AE6F42452A016CB678DB17D6 /* PhysicalKeyLetterMap.swift */; };
		4F018ACFA369E6475DB50094 /* PointerCircleDetector.swift in Sources */ = {isa = PBXBuildFile; fileRef = D85FC9FE33F264412266DE4F /* PointerCircleDetector.swift */; };
		5ADAD1FB86D3CC42AA55152C /* SessionNotifier.swift in Sources */ = {isa = PBXBuildFile; fileRef = AF989609DF27749BF6376F5D /* SessionNotifier.swift */; };
		62E06AE0CE60522703BC0C6A /* GuardActivationReasons.swift in Sources */ = {isa = PBXBuildFile; fileRef = 1F2683AC0F4E8FA926BFABA5 /* GuardActivationReasons.swift */; };
		6787BA545D3E7564DE50330A /* KeychainStore.swift in Sources */ = {isa = PBXBuildFile; fileRef = 253EE78F79668B7BA282F082 /* KeychainStore.swift */; };
		70F6558288A4B552E6EB7A8D /* ServiceManagement.framework in Frameworks */ = {isa = PBXBuildFile; fileRef = A55316F5D42AC06D83239452 /* ServiceManagement.framework */; };
		9587572329B1814FD75171E7 /* Security.framework in Frameworks */ = {isa = PBXBuildFile; fileRef = 9017C1DFCFA72FCCE308DEE3 /* Security.framework */; };
		A7D7CD84338B5C010612CBE9 /* LoginItemController.swift in Sources */ = {isa = PBXBuildFile; fileRef = 7842018149416EFFC180FB42 /* LoginItemController.swift */; };
		B382ECA495C689686D66D7D7 /* CatGuardApp.swift in Sources */ = {isa = PBXBuildFile; fileRef = 0BE60F15C526B35CAE524CE3 /* CatGuardApp.swift */; };
		C738C515671DC50A63A30FB6 /* ProtectionState.swift in Sources */ = {isa = PBXBuildFile; fileRef = DD9D6E9F0EFFCAE442E7BFDF /* ProtectionState.swift */; };
		C7CEE8A3E4EB3C0F61D9D25D /* Assets.xcassets in Resources */ = {isa = PBXBuildFile; fileRef = A90AF014619CF983F7CAE703 /* Assets.xcassets */; };
		D9D85DCD30394CD5B00C13DD /* AppIntents.framework in Frameworks */ = {isa = PBXBuildFile; fileRef = 988C87574EE6B51BE6B5D706 /* AppIntents.framework */; };
		DA3910EB555179419FE85BDA /* PhysicalInputGuard.swift in Sources */ = {isa = PBXBuildFile; fileRef = A2871B7D68E82DBD9E546089 /* PhysicalInputGuard.swift */; };
		DB0F852DEE3BF98C918A41CB /* AppDelegate.swift in Sources */ = {isa = PBXBuildFile; fileRef = A84C982869F4F342BDDB97B2 /* AppDelegate.swift */; };
		E109A0A4ECE5FFBC11C9D72A /* AppKit.framework in Frameworks */ = {isa = PBXBuildFile; fileRef = 50B5248F6988127543478CC4 /* AppKit.framework */; };
/* End PBXBuildFile section */

/* Begin PBXFileReference section */
		01E4131EA7EE8A998EF55147 /* GuardSession.swift */ = {isa = PBXFileReference; lastKnownFileType = sourcecode.swift; path = GuardSession.swift; sourceTree = "<group>"; };
		0BE60F15C526B35CAE524CE3 /* CatGuardApp.swift */ = {isa = PBXFileReference; lastKnownFileType = sourcecode.swift; path = CatGuardApp.swift; sourceTree = "<group>"; };
		0E72276BBD2337B8D5ECED29 /* UserNotifications.framework */ = {isa = PBXFileReference; lastKnownFileType = wrapper.framework; name = UserNotifications.framework; path = System/Library/Frameworks/UserNotifications.framework; sourceTree = SDKROOT; };
		0FC7D8E12C07197AB04DDF23 /* SettingsView.swift */ = {isa = PBXFileReference; lastKnownFileType = sourcecode.swift; path = SettingsView.swift; sourceTree = "<group>"; };
		1F2683AC0F4E8FA926BFABA5 /* GuardActivationReasons.swift */ = {isa = PBXFileReference; lastKnownFileType = sourcecode.swift; path = GuardActivationReasons.swift; sourceTree = "<group>"; };
		253EE78F79668B7BA282F082 /* KeychainStore.swift */ = {isa = PBXFileReference; lastKnownFileType = sourcecode.swift; path = KeychainStore.swift; sourceTree = "<group>"; };
		27D3BAA46F54CF207FD6A8DA /* FocusGuardIntent.swift */ = {isa = PBXFileReference; lastKnownFileType = sourcecode.swift; path = FocusGuardIntent.swift; sourceTree = "<group>"; };
		2C067E22E5DDB45CD77E9796 /* RescueSequenceMatcher.swift */ = {isa = PBXFileReference; lastKnownFileType = sourcecode.swift; path = RescueSequenceMatcher.swift; sourceTree = "<group>"; };
		4303F57CAC48DA81FDEB0447 /* CoreGraphics.framework */ = {isa = PBXFileReference; lastKnownFileType = wrapper.framework; name = CoreGraphics.framework; path = System/Library/Frameworks/CoreGraphics.framework; sourceTree = SDKROOT; };
		50B5248F6988127543478CC4 /* AppKit.framework */ = {isa = PBXFileReference; lastKnownFileType = wrapper.framework; name = AppKit.framework; path = System/Library/Frameworks/AppKit.framework; sourceTree = SDKROOT; };
		7842018149416EFFC180FB42 /* LoginItemController.swift */ = {isa = PBXFileReference; lastKnownFileType = sourcecode.swift; path = LoginItemController.swift; sourceTree = "<group>"; };
		9017C1DFCFA72FCCE308DEE3 /* Security.framework */ = {isa = PBXFileReference; lastKnownFileType = wrapper.framework; name = Security.framework; path = System/Library/Frameworks/Security.framework; sourceTree = SDKROOT; };
		988C87574EE6B51BE6B5D706 /* AppIntents.framework */ = {isa = PBXFileReference; lastKnownFileType = wrapper.framework; name = AppIntents.framework; path = System/Library/Frameworks/AppIntents.framework; sourceTree = SDKROOT; };
		A2871B7D68E82DBD9E546089 /* PhysicalInputGuard.swift */ = {isa = PBXFileReference; lastKnownFileType = sourcecode.swift; path = PhysicalInputGuard.swift; sourceTree = "<group>"; };
		A55316F5D42AC06D83239452 /* ServiceManagement.framework */ = {isa = PBXFileReference; lastKnownFileType = wrapper.framework; name = ServiceManagement.framework; path = System/Library/Frameworks/ServiceManagement.framework; sourceTree = SDKROOT; };
		A84C982869F4F342BDDB97B2 /* AppDelegate.swift */ = {isa = PBXFileReference; lastKnownFileType = sourcecode.swift; path = AppDelegate.swift; sourceTree = "<group>"; };
		A90AF014619CF983F7CAE703 /* Assets.xcassets */ = {isa = PBXFileReference; lastKnownFileType = folder.assetcatalog; path = Assets.xcassets; sourceTree = "<group>"; };
		AE6F42452A016CB678DB17D6 /* PhysicalKeyLetterMap.swift */ = {isa = PBXFileReference; lastKnownFileType = sourcecode.swift; path = PhysicalKeyLetterMap.swift; sourceTree = "<group>"; };
		AF989609DF27749BF6376F5D /* SessionNotifier.swift */ = {isa = PBXFileReference; lastKnownFileType = sourcecode.swift; path = SessionNotifier.swift; sourceTree = "<group>"; };
		B06431E0616EF4AF19594639 /* CatGuard.app */ = {isa = PBXFileReference; explicitFileType = wrapper.application; includeInIndex = 0; path = CatGuard.app; sourceTree = BUILT_PRODUCTS_DIR; };
		BE6A0D9A99F2BE7B89BF9372 /* GuardCoordinator.swift */ = {isa = PBXFileReference; lastKnownFileType = sourcecode.swift; path = GuardCoordinator.swift; sourceTree = "<group>"; };
		C9E4FCE1FD19AA2654FEA7D3 /* AboutView.swift */ = {isa = PBXFileReference; lastKnownFileType = sourcecode.swift; path = AboutView.swift; sourceTree = "<group>"; };
		D85FC9FE33F264412266DE4F /* PointerCircleDetector.swift */ = {isa = PBXFileReference; lastKnownFileType = sourcecode.swift; path = PointerCircleDetector.swift; sourceTree = "<group>"; };
		DD9D6E9F0EFFCAE442E7BFDF /* ProtectionState.swift */ = {isa = PBXFileReference; lastKnownFileType = sourcecode.swift; path = ProtectionState.swift; sourceTree = "<group>"; };
		E890D753BB19571E13A0B455 /* StatusItemController.swift */ = {isa = PBXFileReference; lastKnownFileType = sourcecode.swift; path = StatusItemController.swift; sourceTree = "<group>"; };
		F31BBE8DE4D3A5A27B35FB6C /* CatGuard-AppIcon-1024.png */ = {isa = PBXFileReference; lastKnownFileType = image.png; path = "CatGuard-AppIcon-1024.png"; sourceTree = "<group>"; };
/* End PBXFileReference section */

/* Begin PBXFrameworksBuildPhase section */
		2708CD78E729AD1B9FC311A7 /* Frameworks */ = {
			isa = PBXFrameworksBuildPhase;
			buildActionMask = 2147483647;
			files = (
				E109A0A4ECE5FFBC11C9D72A /* AppKit.framework in Frameworks */,
				D9D85DCD30394CD5B00C13DD /* AppIntents.framework in Frameworks */,
				03FB00FFE91BD2607402B9E2 /* CoreGraphics.framework in Frameworks */,
				9587572329B1814FD75171E7 /* Security.framework in Frameworks */,
				70F6558288A4B552E6EB7A8D /* ServiceManagement.framework in Frameworks */,
				1CEB428FA9C9670F0345D273 /* UserNotifications.framework in Frameworks */,
			);
			runOnlyForDeploymentPostprocessing = 0;
		};
/* End PBXFrameworksBuildPhase section */

/* Begin PBXGroup section */
		024019BB9591AE1C943FA66C /* CatGuardApp */ = {
			isa = PBXGroup;
			children = (
				C9E4FCE1FD19AA2654FEA7D3 /* AboutView.swift */,
				A84C982869F4F342BDDB97B2 /* AppDelegate.swift */,
				0BE60F15C526B35CAE524CE3 /* CatGuardApp.swift */,
				27D3BAA46F54CF207FD6A8DA /* FocusGuardIntent.swift */,
				BE6A0D9A99F2BE7B89BF9372 /* GuardCoordinator.swift */,
				253EE78F79668B7BA282F082 /* KeychainStore.swift */,
				7842018149416EFFC180FB42 /* LoginItemController.swift */,
				A2871B7D68E82DBD9E546089 /* PhysicalInputGuard.swift */,
				DD9D6E9F0EFFCAE442E7BFDF /* ProtectionState.swift */,
				AF989609DF27749BF6376F5D /* SessionNotifier.swift */,
				0FC7D8E12C07197AB04DDF23 /* SettingsView.swift */,
				E890D753BB19571E13A0B455 /* StatusItemController.swift */,
			);
			path = CatGuardApp;
			sourceTree = "<group>";
		};
		03599C92E2473A35C1E9D995 /* Products */ = {
			isa = PBXGroup;
			children = (
				B06431E0616EF4AF19594639 /* CatGuard.app */,
			);
			name = Products;
			sourceTree = "<group>";
		};
		45C1A9C9BF6D2682ADB9691E /* Sources */ = {
			isa = PBXGroup;
			children = (
				024019BB9591AE1C943FA66C /* CatGuardApp */,
				BD4418A4A457D5A1ABDFBDB1 /* CatGuardCore */,
			);
			path = Sources;
			sourceTree = "<group>";
		};
		8B6A0D2D4E1F6A877CA08D79 = {
			isa = PBXGroup;
			children = (
				FCA9D87D0969EDF01DE8F767 /* Resources */,
				45C1A9C9BF6D2682ADB9691E /* Sources */,
				F68371DB1B88C12C5BA2D7F7 /* Frameworks */,
				03599C92E2473A35C1E9D995 /* Products */,
			);
			sourceTree = "<group>";
		};
		8D5EE13657EBBA388BEE131C /* Brand */ = {
			isa = PBXGroup;
			children = (
				F31BBE8DE4D3A5A27B35FB6C /* CatGuard-AppIcon-1024.png */,
			);
			path = Brand;
			sourceTree = "<group>";
		};
		BD4418A4A457D5A1ABDFBDB1 /* CatGuardCore */ = {
			isa = PBXGroup;
			children = (
				1F2683AC0F4E8FA926BFABA5 /* GuardActivationReasons.swift */,
				01E4131EA7EE8A998EF55147 /* GuardSession.swift */,
				AE6F42452A016CB678DB17D6 /* PhysicalKeyLetterMap.swift */,
				D85FC9FE33F264412266DE4F /* PointerCircleDetector.swift */,
				2C067E22E5DDB45CD77E9796 /* RescueSequenceMatcher.swift */,
			);
			path = CatGuardCore;
			sourceTree = "<group>";
		};
		F68371DB1B88C12C5BA2D7F7 /* Frameworks */ = {
			isa = PBXGroup;
			children = (
				988C87574EE6B51BE6B5D706 /* AppIntents.framework */,
				50B5248F6988127543478CC4 /* AppKit.framework */,
				4303F57CAC48DA81FDEB0447 /* CoreGraphics.framework */,
				9017C1DFCFA72FCCE308DEE3 /* Security.framework */,
				A55316F5D42AC06D83239452 /* ServiceManagement.framework */,
				0E72276BBD2337B8D5ECED29 /* UserNotifications.framework */,
			);
			name = Frameworks;
			sourceTree = "<group>";
		};
		FCA9D87D0969EDF01DE8F767 /* Resources */ = {
			isa = PBXGroup;
			children = (
				A90AF014619CF983F7CAE703 /* Assets.xcassets */,
				8D5EE13657EBBA388BEE131C /* Brand */,
			);
			path = Resources;
			sourceTree = "<group>";
		};
/* End PBXGroup section */

/* Begin PBXNativeTarget section */
		B9E82A23CA07A8A5E4C47C5C /* CatGuard */ = {
			isa = PBXNativeTarget;
			buildConfigurationList = 9D2690817EF8A38F79FDE6B4 /* Build configuration list for PBXNativeTarget "CatGuard" */;
			buildPhases = (
				4375FA93972499255AAEDF35 /* Sources */,
				6EF4C32B3CAC451276371CF9 /* Resources */,
				2708CD78E729AD1B9FC311A7 /* Frameworks */,
			);
			buildRules = (
			);
			dependencies = (
			);
			name = CatGuard;
			packageProductDependencies = (
			);
			productName = CatGuard;
			productReference = B06431E0616EF4AF19594639 /* CatGuard.app */;
			productType = "com.apple.product-type.application";
		};
/* End PBXNativeTarget section */

/* Begin PBXProject section */
		7962F5D5AAA57EE97CD0FDBD /* Project object */ = {
			isa = PBXProject;
			attributes = {
				BuildIndependentTargetsInParallel = YES;
				LastUpgradeCheck = 1430;
				TargetAttributes = {
					B9E82A23CA07A8A5E4C47C5C = {
						DevelopmentTeam = RY297J6VR2;
						ProvisioningStyle = Automatic;
					};
				};
			};
			buildConfigurationList = 8E0668F80DC5C8ED3100A02A /* Build configuration list for PBXProject "CatGuard" */;
			developmentRegion = en;
			hasScannedForEncodings = 0;
			knownRegions = (
				Base,
				en,
			);
			mainGroup = 8B6A0D2D4E1F6A877CA08D79;
			minimizedProjectReferenceProxies = 1;
			preferredProjectObjectVersion = 77;
			productRefGroup = 03599C92E2473A35C1E9D995 /* Products */;
			projectDirPath = "";
			projectRoot = "";
			targets = (
				B9E82A23CA07A8A5E4C47C5C /* CatGuard */,
			);
		};
/* End PBXProject section */

/* Begin PBXResourcesBuildPhase section */
		6EF4C32B3CAC451276371CF9 /* Resources */ = {
			isa = PBXResourcesBuildPhase;
			buildActionMask = 2147483647;
			files = (
				C7CEE8A3E4EB3C0F61D9D25D /* Assets.xcassets in Resources */,
			);
			runOnlyForDeploymentPostprocessing = 0;
		};
/* End PBXResourcesBuildPhase section */

/* Begin PBXSourcesBuildPhase section */
		4375FA93972499255AAEDF35 /* Sources */ = {
			isa = PBXSourcesBuildPhase;
			buildActionMask = 2147483647;
			files = (
				01B91B39AAFF6D17B39088F5 /* AboutView.swift in Sources */,
				DB0F852DEE3BF98C918A41CB /* AppDelegate.swift in Sources */,
				B382ECA495C689686D66D7D7 /* CatGuardApp.swift in Sources */,
				466113D90813F860ECE5378E /* FocusGuardIntent.swift in Sources */,
				62E06AE0CE60522703BC0C6A /* GuardActivationReasons.swift in Sources */,
				1DA08E37635D69842A30DFB1 /* GuardCoordinator.swift in Sources */,
				3931C111DF2BB438CBAF425F /* GuardSession.swift in Sources */,
				6787BA545D3E7564DE50330A /* KeychainStore.swift in Sources */,
				A7D7CD84338B5C010612CBE9 /* LoginItemController.swift in Sources */,
				DA3910EB555179419FE85BDA /* PhysicalInputGuard.swift in Sources */,
				46FAF7369E4D9B1AF2F2F2C0 /* PhysicalKeyLetterMap.swift in Sources */,
				4F018ACFA369E6475DB50094 /* PointerCircleDetector.swift in Sources */,
				C738C515671DC50A63A30FB6 /* ProtectionState.swift in Sources */,
				3E30DEA03AE1AAB17D70A05D /* RescueSequenceMatcher.swift in Sources */,
				5ADAD1FB86D3CC42AA55152C /* SessionNotifier.swift in Sources */,
				18BC9DA3301D5FCA0204CAF1 /* SettingsView.swift in Sources */,
				3BAF20013623C224828FC83C /* StatusItemController.swift in Sources */,
			);
			runOnlyForDeploymentPostprocessing = 0;
		};
/* End PBXSourcesBuildPhase section */

/* Begin XCBuildConfiguration section */
		0925BDED9CFF23F18091CBF4 /* Debug */ = {
			isa = XCBuildConfiguration;
			buildSettings = {
				ALWAYS_SEARCH_USER_PATHS = NO;
				CLANG_ANALYZER_NONNULL = YES;
				CLANG_ANALYZER_NUMBER_OBJECT_CONVERSION = YES_AGGRESSIVE;
				CLANG_CXX_LANGUAGE_STANDARD = "gnu++14";
				CLANG_CXX_LIBRARY = "libc++";
				CLANG_ENABLE_MODULES = YES;
				CLANG_ENABLE_OBJC_ARC = YES;
				CLANG_ENABLE_OBJC_WEAK = YES;
				CLANG_WARN_BLOCK_CAPTURE_AUTORELEASING = YES;
				CLANG_WARN_BOOL_CONVERSION = YES;
				CLANG_WARN_COMMA = YES;
				CLANG_WARN_CONSTANT_CONVERSION = YES;
				CLANG_WARN_DEPRECATED_OBJC_IMPLEMENTATIONS = YES;
				CLANG_WARN_DIRECT_OBJC_ISA_USAGE = YES_ERROR;
				CLANG_WARN_DOCUMENTATION_COMMENTS = YES;
				CLANG_WARN_EMPTY_BODY = YES;
				CLANG_WARN_ENUM_CONVERSION = YES;
				CLANG_WARN_INFINITE_RECURSION = YES;
				CLANG_WARN_INT_CONVERSION = YES;
				CLANG_WARN_NON_LITERAL_NULL_CONVERSION = YES;
				CLANG_WARN_OBJC_IMPLICIT_RETAIN_SELF = YES;
				CLANG_WARN_OBJC_LITERAL_CONVERSION = YES;
				CLANG_WARN_OBJC_ROOT_CLASS = YES_ERROR;
				CLANG_WARN_QUOTED_INCLUDE_IN_FRAMEWORK_HEADER = YES;
				CLANG_WARN_RANGE_LOOP_ANALYSIS = YES;
				CLANG_WARN_STRICT_PROTOTYPES = YES;
				CLANG_WARN_SUSPICIOUS_MOVE = YES;
				CLANG_WARN_UNGUARDED_AVAILABILITY = YES_AGGRESSIVE;
				CLANG_WARN_UNREACHABLE_CODE = YES;
				CLANG_WARN__DUPLICATE_METHOD_MATCH = YES;
				CODE_SIGN_STYLE = Automatic;
				COPY_PHASE_STRIP = NO;
				DEBUG_INFORMATION_FORMAT = dwarf;
				DEVELOPMENT_TEAM = RY297J6VR2;
				ENABLE_STRICT_OBJC_MSGSEND = YES;
				ENABLE_TESTABILITY = YES;
				ENABLE_USER_SCRIPT_SANDBOXING = YES;
				GCC_C_LANGUAGE_STANDARD = gnu11;
				GCC_DYNAMIC_NO_PIC = NO;
				GCC_NO_COMMON_BLOCKS = YES;
				GCC_OPTIMIZATION_LEVEL = 0;
				GCC_PREPROCESSOR_DEFINITIONS = (
					"$(inherited)",
					"DEBUG=1",
				);
				GCC_WARN_64_TO_32_BIT_CONVERSION = YES;
				GCC_WARN_ABOUT_RETURN_TYPE = YES_ERROR;
				GCC_WARN_UNDECLARED_SELECTOR = YES;
				GCC_WARN_UNINITIALIZED_AUTOS = YES_AGGRESSIVE;
				GCC_WARN_UNUSED_FUNCTION = YES;
				GCC_WARN_UNUSED_VARIABLE = YES;
				GENERATE_INFOPLIST_FILE = NO;
				MACOSX_DEPLOYMENT_TARGET = 14.0;
				MTL_ENABLE_DEBUG_INFO = INCLUDE_SOURCE;
				MTL_FAST_MATH = YES;
				ONLY_ACTIVE_ARCH = YES;
				PRODUCT_NAME = "$(TARGET_NAME)";
				SDKROOT = macosx;
				SWIFT_ACTIVE_COMPILATION_CONDITIONS = DEBUG;
				SWIFT_OPTIMIZATION_LEVEL = "-Onone";
				SWIFT_VERSION = 6.0;
			};
			name = Debug;
		};
		12FDEA397076ADB477704DEF /* Release */ = {
			isa = XCBuildConfiguration;
			buildSettings = {
				ASSETCATALOG_COMPILER_APPICON_NAME = AppIcon;
				CODE_SIGN_ENTITLEMENTS = Config/CatGuard.entitlements;
				COMBINE_HIDPI_IMAGES = YES;
				ENABLE_APP_INTENTS_METADATA_EXTRACTION = YES;
				INFOPLIST_FILE = "Config/CatGuard-Info.plist";
				LD_RUNPATH_SEARCH_PATHS = (
					"$(inherited)",
					"@executable_path/../Frameworks",
				);
				PRODUCT_BUNDLE_IDENTIFIER = com.oanaffg.CatGuard;
				PRODUCT_NAME = CatGuard;
				SDKROOT = macosx;
			};
			name = Release;
		};
		22A197523D1FB77114832D2D /* Release */ = {
			isa = XCBuildConfiguration;
			buildSettings = {
				ALWAYS_SEARCH_USER_PATHS = NO;
				CLANG_ANALYZER_NONNULL = YES;
				CLANG_ANALYZER_NUMBER_OBJECT_CONVERSION = YES_AGGRESSIVE;
				CLANG_CXX_LANGUAGE_STANDARD = "gnu++14";
				CLANG_CXX_LIBRARY = "libc++";
				CLANG_ENABLE_MODULES = YES;
				CLANG_ENABLE_OBJC_ARC = YES;
				CLANG_ENABLE_OBJC_WEAK = YES;
				CLANG_WARN_BLOCK_CAPTURE_AUTORELEASING = YES;
				CLANG_WARN_BOOL_CONVERSION = YES;
				CLANG_WARN_COMMA = YES;
				CLANG_WARN_CONSTANT_CONVERSION = YES;
				CLANG_WARN_DEPRECATED_OBJC_IMPLEMENTATIONS = YES;
				CLANG_WARN_DIRECT_OBJC_ISA_USAGE = YES_ERROR;
				CLANG_WARN_DOCUMENTATION_COMMENTS = YES;
				CLANG_WARN_EMPTY_BODY = YES;
				CLANG_WARN_ENUM_CONVERSION = YES;
				CLANG_WARN_INFINITE_RECURSION = YES;
				CLANG_WARN_INT_CONVERSION = YES;
				CLANG_WARN_NON_LITERAL_NULL_CONVERSION = YES;
				CLANG_WARN_OBJC_IMPLICIT_RETAIN_SELF = YES;
				CLANG_WARN_OBJC_LITERAL_CONVERSION = YES;
				CLANG_WARN_OBJC_ROOT_CLASS = YES_ERROR;
				CLANG_WARN_QUOTED_INCLUDE_IN_FRAMEWORK_HEADER = YES;
				CLANG_WARN_RANGE_LOOP_ANALYSIS = YES;
				CLANG_WARN_STRICT_PROTOTYPES = YES;
				CLANG_WARN_SUSPICIOUS_MOVE = YES;
				CLANG_WARN_UNGUARDED_AVAILABILITY = YES_AGGRESSIVE;
				CLANG_WARN_UNREACHABLE_CODE = YES;
				CLANG_WARN__DUPLICATE_METHOD_MATCH = YES;
				CODE_SIGN_STYLE = Automatic;
				COPY_PHASE_STRIP = NO;
				DEBUG_INFORMATION_FORMAT = "dwarf-with-dsym";
				DEVELOPMENT_TEAM = RY297J6VR2;
				ENABLE_NS_ASSERTIONS = NO;
				ENABLE_STRICT_OBJC_MSGSEND = YES;
				ENABLE_USER_SCRIPT_SANDBOXING = YES;
				GCC_C_LANGUAGE_STANDARD = gnu11;
				GCC_NO_COMMON_BLOCKS = YES;
				GCC_WARN_64_TO_32_BIT_CONVERSION = YES;
				GCC_WARN_ABOUT_RETURN_TYPE = YES_ERROR;
				GCC_WARN_UNDECLARED_SELECTOR = YES;
				GCC_WARN_UNINITIALIZED_AUTOS = YES_AGGRESSIVE;
				GCC_WARN_UNUSED_FUNCTION = YES;
				GCC_WARN_UNUSED_VARIABLE = YES;
				GENERATE_INFOPLIST_FILE = NO;
				MACOSX_DEPLOYMENT_TARGET = 14.0;
				MTL_ENABLE_DEBUG_INFO = NO;
				MTL_FAST_MATH = YES;
				PRODUCT_NAME = "$(TARGET_NAME)";
				SDKROOT = macosx;
				SWIFT_COMPILATION_MODE = wholemodule;
				SWIFT_OPTIMIZATION_LEVEL = "-O";
				SWIFT_VERSION = 6.0;
			};
			name = Release;
		};
		9D8FC456DF43073C6691D455 /* Debug */ = {
			isa = XCBuildConfiguration;
			buildSettings = {
				ASSETCATALOG_COMPILER_APPICON_NAME = AppIcon;
				CODE_SIGN_ENTITLEMENTS = Config/CatGuard.entitlements;
				COMBINE_HIDPI_IMAGES = YES;
				ENABLE_APP_INTENTS_METADATA_EXTRACTION = YES;
				INFOPLIST_FILE = "Config/CatGuard-Info.plist";
				LD_RUNPATH_SEARCH_PATHS = (
					"$(inherited)",
					"@executable_path/../Frameworks",
				);
				PRODUCT_BUNDLE_IDENTIFIER = com.oanaffg.CatGuard;
				PRODUCT_NAME = CatGuard;
				SDKROOT = macosx;
			};
			name = Debug;
		};
/* End XCBuildConfiguration section */

/* Begin XCConfigurationList section */
		8E0668F80DC5C8ED3100A02A /* Build configuration list for PBXProject "CatGuard" */ = {
			isa = XCConfigurationList;
			buildConfigurations = (
				0925BDED9CFF23F18091CBF4 /* Debug */,
				22A197523D1FB77114832D2D /* Release */,
			);
			defaultConfigurationIsVisible = 0;
			defaultConfigurationName = Debug;
		};
		9D2690817EF8A38F79FDE6B4 /* Build configuration list for PBXNativeTarget "CatGuard" */ = {
			isa = XCConfigurationList;
			buildConfigurations = (
				9D8FC456DF43073C6691D455 /* Debug */,
				12FDEA397076ADB477704DEF /* Release */,
			);
			defaultConfigurationIsVisible = 0;
			defaultConfigurationName = Debug;
		};
/* End XCConfigurationList section */
	};
	rootObject = 7962F5D5AAA57EE97CD0FDBD /* Project object */;
}
